
Microsoft Visual Studio Solution File, Format Version 12.00
# Visual Studio Version 16
VisualStudioVersion = 16.0.29503.13
MinimumVisualStudioVersion = 10.0.40219.1
Project("{FAE04EC0-301F-11D3-BF4B-00C04F79EFBC}") = "MapBoxMarker", "MapBoxMarker\MapBoxMarker.csproj", "{C4543790-B72B-4B61-9E93-D295EAB42C98}"
EndProject
Global
	GlobalSection(SolutionConfigurationPlatforms) = preSolution
		Debug|Any CPU = Debug|Any CPU
		Release|Any CPU = Release|Any CPU
	EndGlobalSection
	GlobalSection(ProjectConfigurationPlatforms) = postSolution
		{C4543790-B72B-4B61-9E93-D295EAB42C98}.Debug|Any CPU.ActiveCfg = Debug|Any CPU
		{C4543790-B72B-4B61-9E93-D295EAB42C98}.Debug|Any CPU.Build.0 = Debug|Any CPU
		{C4543790-B72B-4B61-9E93-D295EAB42C98}.Debug|Any CPU.Deploy.0 = Debug|Any CPU
		{C4543790-B72B-4B61-9E93-D295EAB42C98}.Release|Any CPU.ActiveCfg = Release|Any CPU
		{C4543790-B72B-4B61-9E93-D295EAB42C98}.Release|Any CPU.Build.0 = Release|Any CPU
		{C4543790-B72B-4B61-9E93-D295EAB42C98}.Release|Any CPU.Deploy.0 = Release|Any CPU
	EndGlobalSection
	GlobalSection(SolutionProperties) = preSolution
		HideSolutionNode = FALSE
	EndGlobalSection
	GlobalSection(ExtensibilityGlobals) = postSolution
		SolutionGuid = {85F2A517-519F-4FE6-B076-09037BA40BCC}
	EndGlobalSection
EndGlobal
